GEM
  remote: https://rubygems.org/
  specs:
    actioncable (8.0.2)
      actionpack (= 8.0.2)
      activesupport (= 8.0.2)
      nio4r (~> 2.0)
      websocket-driver (>= 0.6.1)
      zeitwerk (~> 2.6)
    actionmailbox (8.0.2)
      actionpack (= 8.0.2)
      activejob (= 8.0.2)
      activerecord (= 8.0.2)
      activestorage (= 8.0.2)
      activesupport (= 8.0.2)
      mail (>= 2.8.0)
    actionmailer (8.0.2)
      actionpack (= 8.0.2)
      actionview (= 8.0.2)
      activejob (= 8.0.2)
      activesupport (= 8.0.2)
      mail (>= 2.8.0)
      rails-dom-testing (~> 2.2)
    actionpack (8.0.2)
      actionview (= 8.0.2)
      activesupport (= 8.0.2)
      nokogiri (>= 1.8.5)
      rack (>= 2.2.4)
      rack-session (>= 1.0.1)
      rack-test (>= 0.6.3)
      rails-dom-testing (~> 2.2)
      rails-html-sanitizer (~> 1.6)
      useragent (~> 0.16)
    actiontext (8.0.2)
      actionpack (= 8.0.2)
      activerecord (= 8.0.2)
      activestorage (= 8.0.2)
      activesupport (= 8.0.2)
      globalid (>= 0.6.0)
      nokogiri (>= 1.8.5)
    actionview (8.0.2)
      activesupport (= 8.0.2)
      builder (~> 3.1)
      erubi (~> 1.11)
      rails-dom-testing (~> 2.2)
      rails-html-sanitizer (~> 1.6)
    active_model_otp (2.3.4)
      activemodel
      rotp (~> 6.3.0)
    activejob (8.0.2)
      activesupport (= 8.0.2)
      globalid (>= 0.3.6)
    activemodel (8.0.2)
      activesupport (= 8.0.2)
    activerecord (8.0.2)
      activemodel (= 8.0.2)
      activesupport (= 8.0.2)
      timeout (>= 0.4.0)
    activestorage (8.0.2)
      actionpack (= 8.0.2)
      activejob (= 8.0.2)
      activerecord (= 8.0.2)
      activesupport (= 8.0.2)
      marcel (~> 1.0)
    activesupport (8.0.2)
      base64
      benchmark (>= 0.3)
      bigdecimal
      concurrent-ruby (~> 1.0, >= 1.3.1)
      connection_pool (>= 2.2.5)
      drb
      i18n (>= 1.6, < 2)
      logger (>= 1.4.2)
      minitest (>= 5.1)
      securerandom (>= 0.3)
      tzinfo (~> 2.0, >= 2.0.5)
      uri (>= 0.13.1)
    addressable (2.8.7)
      public_suffix (>= 2.0.2, < 7.0)
    annotaterb (4.14.0)
    ast (2.4.3)
    base64 (0.2.0)
    bcrypt (3.1.20)
    bcrypt_pbkdf (1.1.1)
    benchmark (0.4.0)
    bigdecimal (3.1.9)
    bindex (0.8.1)
    bootsnap (1.18.4)
      msgpack (~> 1.2)
    brakeman (7.0.2)
      racc
    builder (3.3.0)
    bundler-audit (0.9.2)
      bundler (>= 1.2.0, < 3)
      thor (~> 1.0)
    capybara (3.40.0)
      addressable
      matrix
      mini_mime (>= 0.1.3)
      nokogiri (~> 1.11)
      rack (>= 1.6.0)
      rack-test (>= 0.6.3)
      regexp_parser (>= 1.5, < 3.0)
      xpath (~> 3.2)
    code_analyzer (0.5.5)
      sexp_processor
    concurrent-ruby (1.3.5)
    connection_pool (2.5.3)
    crack (1.0.0)
      bigdecimal
      rexml
    crass (1.0.6)
    database_cleaner-active_record (2.2.0)
      activerecord (>= 5.a)
      database_cleaner-core (~> 2.0.0)
    database_cleaner-core (2.0.1)
    database_consistency (2.0.4)
      activerecord (>= 3.2)
    date (3.4.1)
    debug (1.10.0)
      irb (~> 1.10)
      reline (>= 0.3.8)
    diff-lcs (1.6.1)
    docile (1.4.1)
    dotenv (3.1.8)
    dotenv-rails (3.1.8)
      dotenv (= 3.1.8)
      railties (>= 6.1)
    drb (2.2.1)
    dry-configurable (1.3.0)
      dry-core (~> 1.1)
      zeitwerk (~> 2.6)
    dry-core (1.1.0)
      concurrent-ruby (~> 1.0)
      logger
      zeitwerk (~> 2.6)
    dry-inflector (1.2.0)
    dry-initializer (3.2.0)
    dry-logic (1.6.0)
      bigdecimal
      concurrent-ruby (~> 1.0)
      dry-core (~> 1.1)
      zeitwerk (~> 2.6)
    dry-schema (1.14.1)
      concurrent-ruby (~> 1.0)
      dry-configurable (~> 1.0, >= 1.0.1)
      dry-core (~> 1.1)
      dry-initializer (~> 3.2)
      dry-logic (~> 1.5)
      dry-types (~> 1.8)
      zeitwerk (~> 2.6)
    dry-types (1.8.2)
      bigdecimal (~> 3.0)
      concurrent-ruby (~> 1.0)
      dry-core (~> 1.0)
      dry-inflector (~> 1.0)
      dry-logic (~> 1.4)
      zeitwerk (~> 2.6)
    ed25519 (1.3.0)
    email_validator (2.2.4)
      activemodel
    erubi (1.13.1)
    erubis (2.7.0)
    et-orbi (1.2.11)
      tzinfo
    factory_bot (6.5.1)
      activesupport (>= 6.1.0)
    factory_bot_rails (6.4.4)
      factory_bot (~> 6.5)
      railties (>= 5.0.0)
    faker (3.5.1)
      i18n (>= 1.8.11, < 2)
    fasterer (0.11.0)
      ruby_parser (>= 3.19.1)
    ffi (1.17.2)
    ffi (1.17.2-aarch64-linux-gnu)
    ffi (1.17.2-aarch64-linux-musl)
    ffi (1.17.2-arm-linux-gnu)
    ffi (1.17.2-arm-linux-musl)
    ffi (1.17.2-arm64-darwin)
    ffi (1.17.2-x86-linux-gnu)
    ffi (1.17.2-x86-linux-musl)
    ffi (1.17.2-x86_64-darwin)
    ffi (1.17.2-x86_64-linux-gnu)
    ffi (1.17.2-x86_64-linux-musl)
    fiber-storage (1.0.1)
    foreman (0.88.1)
    fugit (1.11.1)
      et-orbi (~> 1, >= 1.2.11)
      raabro (~> 1.4)
    globalid (1.2.1)
      activesupport (>= 6.1)
    google-protobuf (4.30.2)
      bigdecimal
      rake (>= 13)
    google-protobuf (4.30.2-aarch64-linux)
      bigdecimal
      rake (>= 13)
    google-protobuf (4.30.2-arm64-darwin)
      bigdecimal
      rake (>= 13)
    google-protobuf (4.30.2-x86-linux)
      bigdecimal
      rake (>= 13)
    google-protobuf (4.30.2-x86_64-darwin)
      bigdecimal
      rake (>= 13)
    google-protobuf (4.30.2-x86_64-linux)
      bigdecimal
      rake (>= 13)
    graphql (2.5.5)
      base64
      fiber-storage
      logger
    graphql-batch (0.6.0)
      graphql (>= 1.12.18, < 3)
      promise.rb (~> 0.7.2)
    hashdiff (1.1.2)
    i18n (1.14.7)
      concurrent-ruby (~> 1.0)
    interaktor (0.4.0)
      dry-schema (~> 1.0)
      zeitwerk (~> 2.0)
    io-console (0.8.0)
    irb (1.15.2)
      pp (>= 0.6.0)
      rdoc (>= 4.0.0)
      reline (>= 0.4.2)
    json (2.11.3)
    jwt (2.10.1)
      base64
    kamal (2.5.3)
      activesupport (>= 7.0)
      base64 (~> 0.2)
      bcrypt_pbkdf (~> 1.0)
      concurrent-ruby (~> 1.2)
      dotenv (~> 3.1)
      ed25519 (~> 1.2)
      net-ssh (~> 7.3)
      sshkit (>= 1.23.0, < 2.0)
      thor (~> 1.3)
      zeitwerk (>= 2.6.18, < 3.0)
    language_server-protocol (3.17.0.4)
    lefthook (1.11.12)
    lint_roller (1.1.0)
    listen (3.9.0)
      rb-fsevent (~> 0.10, >= 0.10.3)
      rb-inotify (~> 0.9, >= 0.9.10)
    logger (1.7.0)
    loofah (2.24.0)
      crass (~> 1.0.2)
      nokogiri (>= 1.12.0)
    mail (2.8.1)
      mini_mime (>= 0.1.1)
      net-imap
      net-pop
      net-smtp
    marcel (1.0.4)
    matrix (0.4.2)
    mini_mime (1.1.5)
    mini_portile2 (2.8.8)
    minitest (5.25.5)
    msgpack (1.8.0)
    net-imap (0.5.8)
      date
      net-protocol
    net-pop (0.1.2)
      net-protocol
    net-protocol (0.2.2)
      timeout
    net-scp (4.1.0)
      net-ssh (>= 2.6.5, < 8.0.0)
    net-sftp (4.0.0)
      net-ssh (>= 5.0.0, < 8.0.0)
    net-smtp (0.5.1)
      net-protocol
    net-ssh (7.3.0)
    nio4r (2.7.4)
    nokogiri (1.18.8)
      mini_portile2 (~> 2.8.2)
      racc (~> 1.4)
    nokogiri (1.18.8-aarch64-linux-gnu)
      racc (~> 1.4)
    nokogiri (1.18.8-aarch64-linux-musl)
      racc (~> 1.4)
    nokogiri (1.18.8-arm-linux-gnu)
      racc (~> 1.4)
    nokogiri (1.18.8-arm-linux-musl)
      racc (~> 1.4)
    nokogiri (1.18.8-arm64-darwin)
      racc (~> 1.4)
    nokogiri (1.18.8-x86_64-darwin)
      racc (~> 1.4)
    nokogiri (1.18.8-x86_64-linux-gnu)
      racc (~> 1.4)
    nokogiri (1.18.8-x86_64-linux-musl)
      racc (~> 1.4)
    ostruct (0.6.1)
    parallel (1.27.0)
    parser (3.3.8.0)
      ast (~> 2.4.1)
      racc
    pg (1.5.9)
    pg_query (6.1.0)
      google-protobuf (>= 3.25.3)
    pp (0.6.2)
      prettyprint
    prettyprint (0.2.0)
    prism (1.4.0)
    promise.rb (0.7.4)
    prosopite (2.1.0)
    psych (5.2.4)
      date
      stringio
    public_suffix (6.0.2)
    puma (6.6.0)
      nio4r (~> 2.0)
    pundit (2.5.0)
      activesupport (>= 3.0.0)
    raabro (1.4.0)
    racc (1.8.1)
    rack (3.1.13)
    rack-cors (2.0.2)
      rack (>= 2.0.0)
    rack-session (2.1.0)
      base64 (>= 0.1.0)
      rack (>= 3.0.0)
    rack-test (2.2.0)
      rack (>= 1.3)
    rackup (2.2.1)
      rack (>= 3)
    rails (8.0.2)
      actioncable (= 8.0.2)
      actionmailbox (= 8.0.2)
      actionmailer (= 8.0.2)
      actionpack (= 8.0.2)
      actiontext (= 8.0.2)
      actionview (= 8.0.2)
      activejob (= 8.0.2)
      activemodel (= 8.0.2)
      activerecord (= 8.0.2)
      activestorage (= 8.0.2)
      activesupport (= 8.0.2)
      bundler (>= 1.15.0)
      railties (= 8.0.2)
    rails-dom-testing (2.2.0)
      activesupport (>= 5.0.0)
      minitest
      nokogiri (>= 1.6)
    rails-html-sanitizer (1.6.2)
      loofah (~> 2.21)
      nokogiri (>= 1.15.7, != 1.16.7, != 1.16.6, != 1.16.5, != 1.16.4, != 1.16.3, != 1.16.2, != 1.16.1, != 1.16.0.rc1, != 1.16.0)
    rails_best_practices (1.23.2)
      activesupport
      code_analyzer (~> 0.5.5)
      erubis
      i18n
      json
      require_all (~> 3.0)
      ruby-progressbar
    railties (8.0.2)
      actionpack (= 8.0.2)
      activesupport (= 8.0.2)
      irb (~> 1.13)
      rackup (>= 1.0.0)
      rake (>= 12.2)
      thor (~> 1.0, >= 1.2.2)
      zeitwerk (~> 2.6)
    rainbow (3.1.1)
    rake (13.2.1)
    rb-fsevent (0.11.2)
    rb-inotify (0.11.1)
      ffi (~> 1.0)
    rdoc (6.13.1)
      psych (>= 4.0.0)
    regexp_parser (2.10.0)
    reline (0.6.1)
      io-console (~> 0.5)
    require_all (3.0.0)
    rexml (3.4.1)
    rotp (6.3.0)
    rspec-core (3.13.3)
      rspec-support (~> 3.13.0)
    rspec-expectations (3.13.4)
      diff-lcs (>= 1.2.0, < 2.0)
      rspec-support (~> 3.13.0)
    rspec-mocks (3.13.3)
      diff-lcs (>= 1.2.0, < 2.0)
      rspec-support (~> 3.13.0)
    rspec-rails (8.0.0)
      actionpack (>= 7.2)
      activesupport (>= 7.2)
      railties (>= 7.2)
      rspec-core (~> 3.13)
      rspec-expectations (~> 3.13)
      rspec-mocks (~> 3.13)
      rspec-support (~> 3.13)
    rspec-support (3.13.3)
    rubocop (1.75.4)
      json (~> 2.3)
      language_server-protocol (~> 3.17.0.2)
      lint_roller (~> 1.1.0)
      parallel (~> 1.10)
      parser (>= 3.3.0.2)
      rainbow (>= 2.2.2, < 4.0)
      regexp_parser (>= 2.9.3, < 3.0)
      rubocop-ast (>= 1.44.0, < 2.0)
      ruby-progressbar (~> 1.7)
      unicode-display_width (>= 2.4.0, < 4.0)
    rubocop-ast (1.44.1)
      parser (>= 3.3.7.2)
      prism (~> 1.4)
    rubocop-factory_bot (2.27.1)
      lint_roller (~> 1.1)
      rubocop (~> 1.72, >= 1.72.1)
    rubocop-obsession (0.2.1)
      activesupport
      lint_roller (~> 1.1)
      rubocop (~> 1.72)
    rubocop-performance (1.25.0)
      lint_roller (~> 1.1)
      rubocop (>= 1.75.0, < 2.0)
      rubocop-ast (>= 1.38.0, < 2.0)
    rubocop-rails (2.31.0)
      activesupport (>= 4.2.0)
      lint_roller (~> 1.1)
      rack (>= 1.1)
      rubocop (>= 1.75.0, < 2.0)
      rubocop-ast (>= 1.38.0, < 2.0)
    rubocop-rspec (3.6.0)
      lint_roller (~> 1.1)
      rubocop (~> 1.72, >= 1.72.1)
    rubocop-rspec_rails (2.31.0)
      lint_roller (~> 1.1)
      rubocop (~> 1.72, >= 1.72.1)
      rubocop-rspec (~> 3.5)
    rubocop-shopify (2.17.0)
      rubocop (~> 1.62)
    rubocop-thread_safety (0.7.2)
      lint_roller (~> 1.1)
      rubocop (~> 1.72, >= 1.72.1)
    ruby-progressbar (1.13.0)
    ruby_parser (3.21.1)
      racc (~> 1.5)
      sexp_processor (~> 4.16)
    rubyzip (2.4.1)
    securerandom (0.4.1)
    selenium-webdriver (4.31.0)
      base64 (~> 0.2)
      logger (~> 1.4)
      rexml (~> 3.2, >= 3.2.5)
      rubyzip (>= 1.2.2, < 3.0)
      websocket (~> 1.0)
    sexp_processor (4.17.3)
    simplecov (0.22.0)
      docile (~> 1.1)
      simplecov-html (~> 0.11)
      simplecov_json_formatter (~> 0.1)
    simplecov-html (0.13.1)
    simplecov_json_formatter (0.1.4)
    solid_cable (3.0.7)
      actioncable (>= 7.2)
      activejob (>= 7.2)
      activerecord (>= 7.2)
      railties (>= 7.2)
    solid_cache (1.0.7)
      activejob (>= 7.2)
      activerecord (>= 7.2)
      railties (>= 7.2)
    solid_queue (1.1.5)
      activejob (>= 7.1)
      activerecord (>= 7.1)
      concurrent-ruby (>= 1.3.1)
      fugit (~> 1.11.0)
      railties (>= 7.1)
      thor (~> 1.3.1)
    sshkit (1.24.0)
      base64
      logger
      net-scp (>= 1.1.2)
      net-sftp (>= 2.1.2)
      net-ssh (>= 2.8.0)
      ostruct
    stringio (3.1.7)
    strong_migrations (2.3.0)
      activerecord (>= 7)
    thor (1.3.2)
    thruster (0.1.13)
    thruster (0.1.13-aarch64-linux)
    thruster (0.1.13-arm64-darwin)
    thruster (0.1.13-x86_64-darwin)
    thruster (0.1.13-x86_64-linux)
    timeout (0.4.3)
    tzinfo (2.0.6)
      concurrent-ruby (~> 1.0)
    unicode-display_width (3.1.4)
      unicode-emoji (~> 4.0, >= 4.0.4)
    unicode-emoji (4.0.4)
    uri (1.0.3)
    useragent (0.16.11)
    web-console (4.2.1)
      actionview (>= 6.0.0)
      activemodel (>= 6.0.0)
      bindex (>= 0.4.0)
      railties (>= 6.0.0)
    webmock (3.25.1)
      addressable (>= 2.8.0)
      crack (>= 0.3.2)
      hashdiff (>= 0.4.0, < 2.0.0)
    websocket (1.2.11)
    websocket-driver (0.7.7)
      base64
      websocket-extensions (>= 0.1.0)
    websocket-extensions (0.1.5)
    xpath (3.2.0)
      nokogiri (~> 1.8)
    zeitwerk (2.7.2)

PLATFORMS
  aarch64-linux
  aarch64-linux-gnu
  aarch64-linux-musl
  arm-linux-gnu
  arm-linux-musl
  arm64-darwin
  ruby
  x86-linux
  x86-linux-gnu
  x86-linux-musl
  x86_64-darwin
  x86_64-linux
  x86_64-linux-gnu
  x86_64-linux-musl

DEPENDENCIES
  active_model_otp
  annotaterb
  bcrypt
  bootsnap
  brakeman
  bundler-audit
  capybara
  database_cleaner-active_record
  database_consistency
  debug
  dotenv-rails
  email_validator
  factory_bot_rails
  faker
  fasterer
  foreman
  graphql
  graphql-batch
  interaktor
  jwt
  kamal
  lefthook
  listen
  ostruct
  pg
  pg_query
  prism
  prosopite
  puma
  pundit
  rack-cors
  rails
  rails_best_practices
  rspec-rails
  rubocop-factory_bot
  rubocop-obsession
  rubocop-performance
  rubocop-rails
  rubocop-rspec
  rubocop-rspec_rails
  rubocop-shopify
  rubocop-thread_safety
  selenium-webdriver
  simplecov
  solid_cable
  solid_cache
  solid_queue
  strong_migrations
  thruster
  web-console
  webmock

CHECKSUMS
  actioncable (8.0.2) sha256=7bcce2df62e91a80143592600e16583c273e98aab50ae40a9f6a2604bb3289a0
  actionmailbox (8.0.2) sha256=3d8fb3453913e6257da4d02004bbfa2b997dfd10672f8d990e95013983e2cedb
  actionmailer (8.0.2) sha256=b0c968b38576ec56a3dc2795931818e0aaae6a18cc9801f53f175c12d4b277d0
  actionpack (8.0.2) sha256=93e703064f3815295ccf820f57acbca719aec836749597da9262781c9b2f4b78
  actiontext (8.0.2) sha256=a40db32032ee2fbb479d5d69318c4284344c1cda73836fd73ffcdb917d203abf
  actionview (8.0.2) sha256=e038e1405cdfc18f04f17243da4fb8eeda3a4992f63a6d70a7281d255cf7cebb
  active_model_otp (2.3.4) sha256=d035172735f6cc8972f9fd938674dedcc5dbda4a236c815b306e4c7043c9ab28
  activejob (8.0.2) sha256=b0228b45e36b1ef3a081c684e81494147e094a6baf729018756ccf125b1853ca
  activemodel (8.0.2) sha256=0ae1fb7fa1fae0699ba041a9e97702df42ea3b13f2d39f2d0fde51fca5f0656c
  activerecord (8.0.2) sha256=793470b92c44e4198d0262ac60086b7822f0ea585079ad67e32a6e4c86f2d90a
  activestorage (8.0.2) sha256=f83d221e0f06ae38f2200e55490bd155c76d0add330f6e300e8646048d672977
  activesupport (8.0.2) sha256=8565cddba31b900cdc17682fd66ecd020441e3eef320a9930285394e8c07a45e
  addressable (2.8.7) sha256=462986537cf3735ab5f3c0f557f14155d778f4b43ea4f485a9deb9c8f7c58232
  annotaterb (4.14.0) sha256=466cf28443416a19754c807cb2acb9370c75a6a2bc3b92d3c4bbc02a38d00975
  ast (2.4.3) sha256=954615157c1d6a382bc27d690d973195e79db7f55e9765ac7c481c60bdb4d383
  base64 (0.2.0) sha256=0f25e9b21a02a0cc0cea8ef92b2041035d39350946e8789c562b2d1a3da01507
  bcrypt (3.1.20) sha256=8410f8c7b3ed54a3c00cd2456bf13917d695117f033218e2483b2e40b0784099
  bcrypt_pbkdf (1.1.1) sha256=2f9077dde837d1f0dd2eb0f9e5327c6871c68ebc8eba88870fb6b7956e1e2b13
  benchmark (0.4.0) sha256=0f12f8c495545e3710c3e4f0480f63f06b4c842cc94cec7f33a956f5180e874a
  bigdecimal (3.1.9) sha256=2ffc742031521ad69c2dfc815a98e426a230a3d22aeac1995826a75dabfad8cc
  bindex (0.8.1) sha256=7b1ecc9dc539ed8bccfc8cb4d2732046227b09d6f37582ff12e50a5047ceb17e
  bootsnap (1.18.4) sha256=ac4c42af397f7ee15521820198daeff545e4c360d2772c601fbdc2c07d92af55
  brakeman (7.0.2) sha256=b602d91bcec6c5ce4d4bc9e081e01f621c304b7a69f227d1e58784135f333786
  builder (3.3.0) sha256=497918d2f9dca528fdca4b88d84e4ef4387256d984b8154e9d5d3fe5a9c8835f
  bundler-audit (0.9.2) sha256=73051daa09865c436450a35c4d87ceef15f3f9777f4aad4fd015cc6f1f2b1048
  capybara (3.40.0) sha256=42dba720578ea1ca65fd7a41d163dd368502c191804558f6e0f71b391054aeef
  code_analyzer (0.5.5) sha256=c81533e9986259657acb9b3321d831efb1720ef59eed37e7e5dec56ac368e03e
  concurrent-ruby (1.3.5) sha256=813b3e37aca6df2a21a3b9f1d497f8cbab24a2b94cab325bffe65ee0f6cbebc6
  connection_pool (2.5.3) sha256=cfd74a82b9b094d1ce30c4f1a346da23ee19dc8a062a16a85f58eab1ced4305b
  crack (1.0.0) sha256=c83aefdb428cdc7b66c7f287e488c796f055c0839e6e545fec2c7047743c4a49
  crass (1.0.6) sha256=dc516022a56e7b3b156099abc81b6d2b08ea1ed12676ac7a5657617f012bd45d
  database_cleaner-active_record (2.2.0) sha256=3228d6d8ec1f2103fd6ab468dae923424318bcfabcf5dd5b02e5fcb0c486e1c7
  database_cleaner-core (2.0.1) sha256=8646574c32162e59ed7b5258a97a208d3c44551b854e510994f24683865d846c
  database_consistency (2.0.4) sha256=b203895bbf2d6119a6ddc1f0b5724e2ff9b3fa4b7f013821bae45aed172c2697
  date (3.4.1) sha256=bf268e14ef7158009bfeaec40b5fa3c7271906e88b196d958a89d4b408abe64f
  debug (1.10.0) sha256=11e28ca74875979e612444104f3972bd5ffb9e79179907d7ad46dba44bd2e7a4
  diff-lcs (1.6.1) sha256=12a5a83f3e37a8e2f4427268e305914d5f1879f22b4e73bb1a09f76a3dd86cd4
  docile (1.4.1) sha256=96159be799bfa73cdb721b840e9802126e4e03dfc26863db73647204c727f21e
  dotenv (3.1.8) sha256=9e1176060ced581f8e6ce4384e91361817763a76e3c625c8bddc18b35bd392c3
  dotenv-rails (3.1.8) sha256=46c9d1226a8b58a83b5f61325aa8cffd25cea1c0fafdfbbbee1e5dfea77980c4
  drb (2.2.1) sha256=e9d472bf785f558b96b25358bae115646da0dbfd45107ad858b0bc0d935cb340
  dry-configurable (1.3.0) sha256=882d862858567fc1210d2549d4c090f34370fc1bb7c5c1933de3fe792e18afa8
  dry-core (1.1.0) sha256=0903821a9707649a7da545a2cd88e20f3a663ab1c5288abd7f914fa7751ab195
  dry-inflector (1.2.0) sha256=22f5d0b50fd57074ae57e2ca17e3b300e57564c218269dcf82ff3e42d3f38f2e
  dry-initializer (3.2.0) sha256=37d59798f912dc0a1efe14a4db4a9306989007b302dcd5f25d0a2a20c166c4e3
  dry-logic (1.6.0) sha256=da6fedbc0f90fc41f9b0cc7e6f05f5d529d1efaef6c8dcc8e0733f685745cea2
  dry-schema (1.14.1) sha256=2fcd7539a7099cacae6a22f6a3a2c1846fe5afeb1c841cde432c89c6cb9b9ff1
  dry-types (1.8.2) sha256=c84e9ada69419c727c3b12e191e0ed7d2c6d58d040d55e79ea16e0ebf8b3ec0f
  ed25519 (1.3.0) sha256=514a5584f84d39daac568a17ec93a4e7261e140c52c562ed8c382c18456e627d
  email_validator (2.2.4) sha256=5ab238095bec7aef9389f230e9e0c64c5081cdf91f19d6c5cecee0a93af20604
  erubi (1.13.1) sha256=a082103b0885dbc5ecf1172fede897f9ebdb745a4b97a5e8dc63953db1ee4ad9
  erubis (2.7.0) sha256=63653f5174a7997f6f1d6f465fbe1494dcc4bdab1fb8e635f6216989fb1148ba
  et-orbi (1.2.11) sha256=d26e868cc21db88280a9ec1a50aa3da5d267eb9b2037ba7b831d6c2731f5df64
  factory_bot (6.5.1) sha256=40581ea7bec0aee05514b8f4f99ed477274bdf1884c1372de5209e60322d6ca9
  factory_bot_rails (6.4.4) sha256=139e17caa2c50f098fddf5e5e1f29e8067352024e91ca1186d018b36589e5c88
  faker (3.5.1) sha256=1ad1fbea279d882f486059c23fe3ddb816ccd1d7052c05a45014b4450d859bfc
  fasterer (0.11.0) sha256=9c38b77583584f3339a729eb077fd8f2856a317abe747528f6563d7c23e9dda8
  ffi (1.17.2) sha256=297235842e5947cc3036ebe64077584bff583cd7a4e94e9a02fdec399ef46da6
  ffi (1.17.2-aarch64-linux-gnu) sha256=c910bd3cae70b76690418cce4572b7f6c208d271f323d692a067d59116211a1a
  ffi (1.17.2-aarch64-linux-musl) sha256=69e6556b091d45df83e6c3b19d3c54177c206910965155a6ec98de5e893c7b7c
  ffi (1.17.2-arm-linux-gnu) sha256=d4a438f2b40224ae42ec72f293b3ebe0ba2159f7d1bd47f8417e6af2f68dbaa5
  ffi (1.17.2-arm-linux-musl) sha256=977dfb7f3a6381206dbda9bc441d9e1f9366bf189a634559c3b7c182c497aaa3
  ffi (1.17.2-arm64-darwin) sha256=54dd9789be1d30157782b8de42d8f887a3c3c345293b57ffb6b45b4d1165f813
  ffi (1.17.2-x86-linux-gnu) sha256=95d8f9ebea23c39888e2ab85a02c98f54acb2f4e79b829250d7267ce741dc7b0
  ffi (1.17.2-x86-linux-musl) sha256=41741449bab2b9530f42a47baa5c26263925306fad0ac2d60887f51af2e3b24c
  ffi (1.17.2-x86_64-darwin) sha256=981f2d4e32ea03712beb26e55e972797c2c5a7b0257955d8667ba58f2da6440e
  ffi (1.17.2-x86_64-linux-gnu) sha256=05d2026fc9dbb7cfd21a5934559f16293815b7ce0314846fee2ac8efbdb823ea
  ffi (1.17.2-x86_64-linux-musl) sha256=97c0eb3981414309285a64dc4d466bd149e981c279a56371ef811395d68cb95c
  fiber-storage (1.0.1) sha256=f48e5b6d8b0be96dac486332b55cee82240057065dc761c1ea692b2e719240e1
  foreman (0.88.1) sha256=59c022125b6a328a2ce63da8d70b731f5dd13519e8d9a4184c696538088ea00a
  fugit (1.11.1) sha256=e89485e7be22226d8e9c6da411664d0660284b4b1c08cacb540f505907869868
  globalid (1.2.1) sha256=70bf76711871f843dbba72beb8613229a49429d1866828476f9c9d6ccc327ce9
  google-protobuf (4.30.2) sha256=0f35168dbeeccf13d928acf6c128cfec17b9a826ae4505246a02c115f4ae16ed
  google-protobuf (4.30.2-aarch64-linux) sha256=a99d2f31bc2bebf4994b7cd2dd4c1d3ef28a0acc8f1b37be236982f7dc21bd8d
  google-protobuf (4.30.2-arm64-darwin) sha256=c66a93ceef100fb2390615e76310491cc6e1944f7b9cda2cf1e3279887f817d1
  google-protobuf (4.30.2-x86-linux) sha256=8b56a7a1465ffdcfa86bd3067e6b4db7a96dc10f6697ccf3e09d2443398278e9
  google-protobuf (4.30.2-x86_64-darwin) sha256=17f4567dff431f8dd5be5ff6395824ec044413f67d2803a9941ebc8c70dec604
  google-protobuf (4.30.2-x86_64-linux) sha256=c96993d98732ea185d98279f6c76e130eb9595437dda39610b3398c9e348518e
  graphql (2.5.5) sha256=19368781b3768de4419dd29eb2d7bdf66d2fc4c92dd11a1c49b2b68285fca87f
  graphql-batch (0.6.0) sha256=17691aabac4ee58a25cdb5de505765ce1f72bf348610dec4b74d1d4f4415be57
  hashdiff (1.1.2) sha256=2c30eeded6ed3dce8401d2b5b99e6963fe5f14ed85e60dd9e33c545a44b71a77
  i18n (1.14.7) sha256=ceba573f8138ff2c0915427f1fc5bdf4aa3ab8ae88c8ce255eb3ecf0a11a5d0f
  interaktor (0.4.0) sha256=88e7c2fda1dd92518a4dfe78360271ad2fe6bba455ff497b8f8a0a265d97ed05
  io-console (0.8.0) sha256=cd6a9facbc69871d69b2cb8b926fc6ea7ef06f06e505e81a64f14a470fddefa2
  irb (1.15.2) sha256=222f32952e278da34b58ffe45e8634bf4afc2dc7aa9da23fed67e581aa50fdba
  json (2.11.3) sha256=9a10f658a2de67c0eb837eb795dd48132ce797c403e52b5ebef87dcdc7f9ccc1
  jwt (2.10.1) sha256=e6424ae1d813f63e761a04d6284e10e7ec531d6f701917fadcd0d9b2deaf1cc5
  kamal (2.5.3) sha256=06f9e5536e710045da73cee5f0d8b088fd40d5613cbb36abcaa88d4c8fe23a6c
  language_server-protocol (3.17.0.4) sha256=c484626478664fd13482d8180947c50a8590484b1258b99b7aedb3b69df89669
  lefthook (1.11.12) sha256=7bcc883edeb03b01b109f802ed85c33f539b5d21fa64a838625f1ff2ff04edcf
  lint_roller (1.1.0) sha256=2c0c845b632a7d172cb849cc90c1bce937a28c5c8ccccb50dfd46a485003cc87
  listen (3.9.0) sha256=db9e4424e0e5834480385197c139cb6b0ae0ef28cc13310cfd1ca78377d59c67
  logger (1.7.0) sha256=196edec7cc44b66cfb40f9755ce11b392f21f7967696af15d274dde7edff0203
  loofah (2.24.0) sha256=61e6a710883abb8210887f3dc868cf3ed66594c509d9ff6987621efa6651ee1e
  mail (2.8.1) sha256=ec3b9fadcf2b3755c78785cb17bc9a0ca9ee9857108a64b6f5cfc9c0b5bfc9ad
  marcel (1.0.4) sha256=0d5649feb64b8f19f3d3468b96c680bae9746335d02194270287868a661516a4
  matrix (0.4.2) sha256=71083ccbd67a14a43bfa78d3e4dc0f4b503b9cc18e5b4b1d686dc0f9ef7c4cc0
  mini_mime (1.1.5) sha256=8681b7e2e4215f2a159f9400b5816d85e9d8c6c6b491e96a12797e798f8bccef
  mini_portile2 (2.8.8) sha256=8e47136cdac04ce81750bb6c09733b37895bf06962554e4b4056d78168d70a75
  minitest (5.25.5) sha256=391b6c6cb43a4802bfb7c93af1ebe2ac66a210293f4a3fb7db36f2fc7dc2c756
  msgpack (1.8.0) sha256=e64ce0212000d016809f5048b48eb3a65ffb169db22238fb4b72472fecb2d732
  net-imap (0.5.8) sha256=52aa5fdfc1a8a3df1f793b20a327e95b5a9dfe1d733e1f0d53075d2dbcfcf593
  net-pop (0.1.2) sha256=848b4e982013c15b2f0382792268763b748cce91c9e91e36b0f27ed26420dff3
  net-protocol (0.2.2) sha256=aa73e0cba6a125369de9837b8d8ef82a61849360eba0521900e2c3713aa162a8
  net-scp (4.1.0) sha256=a99b0b92a1e5d360b0de4ffbf2dc0c91531502d3d4f56c28b0139a7c093d1a5d
  net-sftp (4.0.0) sha256=65bb91c859c2f93b09826757af11b69af931a3a9155050f50d1b06d384526364
  net-smtp (0.5.1) sha256=ed96a0af63c524fceb4b29b0d352195c30d82dd916a42f03c62a3a70e5b70736
  net-ssh (7.3.0) sha256=172076c4b30ce56fb25a03961b0c4da14e1246426401b0f89cba1a3b54bf3ef0
  nio4r (2.7.4) sha256=d95dee68e0bb251b8ff90ac3423a511e3b784124e5db7ff5f4813a220ae73ca9
  nokogiri (1.18.8) sha256=8c7464875d9ca7f71080c24c0db7bcaa3940e8be3c6fc4bcebccf8b9a0016365
  nokogiri (1.18.8-aarch64-linux-gnu) sha256=36badd2eb281fca6214a5188e24a34399b15d89730639a068d12931e2adc210e
  nokogiri (1.18.8-aarch64-linux-musl) sha256=664e0f9a77a7122a66d6c03abba7641ca610769a4728db55ee1706a0838b78a2
  nokogiri (1.18.8-arm-linux-gnu) sha256=17de01ca3adf9f8e187883ed73c672344d3dbb3c260f88ffa1008e8dc255a28e
  nokogiri (1.18.8-arm-linux-musl) sha256=6e6d7e71fc39572bd613a82d528cf54392c3de1ba5ce974f05c832b8187a040b
  nokogiri (1.18.8-arm64-darwin) sha256=483b5b9fb33653f6f05cbe00d09ea315f268f0e707cfc809aa39b62993008212
  nokogiri (1.18.8-x86_64-darwin) sha256=024cdfe7d9ae3466bba6c06f348fb2a8395d9426b66a3c82f1961b907945cc0c
  nokogiri (1.18.8-x86_64-linux-gnu) sha256=4a747875db873d18a2985ee2c320a6070c4a414ad629da625fbc58d1a20e5ecc
  nokogiri (1.18.8-x86_64-linux-musl) sha256=ddd735fba49475a395b9ea793bb6474e3a3125b89960339604d08a5397de1165
  ostruct (0.6.1) sha256=09a3fb7ecc1fa4039f25418cc05ae9c82bd520472c5c6a6f515f03e4988cb817
  parallel (1.27.0) sha256=4ac151e1806b755fb4e2dc2332cbf0e54f2e24ba821ff2d3dcf86bf6dc4ae130
  parser (3.3.8.0) sha256=2476364142b307fa5a1b1ece44f260728be23858a9c71078e956131a75453c45
  pg (1.5.9) sha256=761efbdf73b66516f0c26fcbe6515dc7500c3f0aa1a1b853feae245433c64fdc
  pg_query (6.1.0) sha256=8b005229e209f12c5887c34c60d0eb2a241953b9475b53a9840d24578532481e
  pp (0.6.2) sha256=947ec3120c6f92195f8ee8aa25a7b2c5297bb106d83b41baa02983686577b6ff
  prettyprint (0.2.0) sha256=2bc9e15581a94742064a3cc8b0fb9d45aae3d03a1baa6ef80922627a0766f193
  prism (1.4.0) sha256=dc0e3e00e93160213dc2a65519d9002a4a1e7b962db57d444cf1a71565bb703e
  promise.rb (0.7.4) sha256=2d2110050c05e6ea8c30a3945aeb96138b6d4303c187c9208a706336a34e0129
  prosopite (2.1.0) sha256=343e398087b9edcf691662d29db5f5b20a4efd7010f6b0531c400ef19f2ca53c
  psych (5.2.4) sha256=f2d9810f7f383a6b0fbc705202851e1a55b236bcb8e168ab5dfa5741842ec7c5
  public_suffix (6.0.2) sha256=bfa7cd5108066f8c9602e0d6d4114999a5df5839a63149d3e8b0f9c1d3558394
  puma (6.6.0) sha256=f25c06873eb3d5de5f0a4ebc783acc81a4ccfe580c760cfe323497798018ad87
  pundit (2.5.0) sha256=4fb6b8ad3fbfe6c34e4be172a1eac03dfcb36c29d6a1214574517af5a605beda
  raabro (1.4.0) sha256=d4fa9ff5172391edb92b242eed8be802d1934b1464061ae5e70d80962c5da882
  racc (1.8.1) sha256=4a7f6929691dbec8b5209a0b373bc2614882b55fc5d2e447a21aaa691303d62f
  rack (3.1.13) sha256=170c79db621882884d9a28d9cd5bd228c663fddcd367c4dea22c9a1808645792
  rack-cors (2.0.2) sha256=415d4e1599891760c5dc9ef0349c7fecdf94f7c6a03e75b2e7c2b54b82adda1b
  rack-session (2.1.0) sha256=437c3916535b58ef71c816ce4a2dee0a01c8a52ae6077dc2b6cd19085760a290
  rack-test (2.2.0) sha256=005a36692c306ac0b4a9350355ee080fd09ddef1148a5f8b2ac636c720f5c463
  rackup (2.2.1) sha256=f737191fd5c5b348b7f0a4412a3b86383f88c43e13b8217b63d4c8d90b9e798d
  rails (8.0.2) sha256=fdfaa5a83ec0388e02864e88d515959caedc88053b5f701c4deb1652d8f164c6
  rails-dom-testing (2.2.0) sha256=e515712e48df1f687a1d7c380fd7b07b8558faa26464474da64183a7426fa93b
  rails-html-sanitizer (1.6.2) sha256=35fce2ca8242da8775c83b6ba9c1bcaad6751d9eb73c1abaa8403475ab89a560
  rails_best_practices (1.23.2) sha256=b3f2e63766e99d087fa832a373b27f2a38e4a8aa2e406b166fa5d237ce3592ac
  railties (8.0.2) sha256=0d7c3f40c49ba74980f1bac1d4bb153a9331c5ee8a9631d89c7bf79db82e5cf9
  rainbow (3.1.1) sha256=039491aa3a89f42efa1d6dec2fc4e62ede96eb6acd95e52f1ad581182b79bc6a
  rake (13.2.1) sha256=46cb38dae65d7d74b6020a4ac9d48afed8eb8149c040eccf0523bec91907059d
  rb-fsevent (0.11.2) sha256=43900b972e7301d6570f64b850a5aa67833ee7d87b458ee92805d56b7318aefe
  rb-inotify (0.11.1) sha256=a0a700441239b0ff18eb65e3866236cd78613d6b9f78fea1f9ac47a85e47be6e
  rdoc (6.13.1) sha256=62a0dac99493c94e8eb7a3fb44e55aefcb4cecb119f7991f25bddc5ed8d472f7
  regexp_parser (2.10.0) sha256=cb6f0ddde88772cd64bff1dbbf68df66d376043fe2e66a9ef77fcb1b0c548c61
  reline (0.6.1) sha256=1afcc9d7cb1029cdbe780d72f2f09251ce46d3780050f3ec39c3ccc6b60675fb
  require_all (3.0.0) sha256=937853faa2833388eab551107bf7bf87c6bba6b4800bac5ce469eda7b6a9fed0
  rexml (3.4.1) sha256=c74527a9a0a04b4ec31dbe0dc4ed6004b960af943d8db42e539edde3a871abca
  rotp (6.3.0) sha256=75d40087e65ed0d8022c33055a6306c1c400d1c12261932533b5d6cbcd868854
  rspec-core (3.13.3) sha256=25136507f4f9cf2e8977a2851e64e438b4331646054e345998714108745cdfe4
  rspec-expectations (3.13.4) sha256=4e43459765dfee900b25aa1361e106ab0799895ede65fc57872069feb559ecd8
  rspec-mocks (3.13.3) sha256=be08abadfe28e932d03b8e70215cd5972bd7693e0f1a45c7479b11e9a773c3c2
  rspec-rails (8.0.0) sha256=977a508cd94d152db2068c6585470db5d0cd47eef56d5410b9531034fb9d97bf
  rspec-support (3.13.3) sha256=2a61e393f6e18b7228726e0c6869c5d5a1419d37206116c4d917d145276b3f43
  rubocop (1.75.4) sha256=e0656af44d0811bb40f6d0bd4ed6c8d80c0f05f3444f0e8f0839833dd46d18c6
  rubocop-ast (1.44.1) sha256=e3cc04203b2ef04f6d6cf5f85fe6d643f442b18cc3b23e3ada0ce5b6521b8e92
  rubocop-factory_bot (2.27.1) sha256=9d744b5916778c1848e5fe6777cc69855bd96548853554ec239ba9961b8573fe
  rubocop-obsession (0.2.1) sha256=21d052232e49d918d3a9ce52314d4fe084b3a991f2a5af75b0fdd55ec472f3ff
  rubocop-performance (1.25.0) sha256=6f7d03568a770054117a78d0a8e191cefeffb703b382871ca7743831b1a52ec1
  rubocop-rails (2.31.0) sha256=79476e1075299c3e60fc50549c7c32614f9ebaae719b899ed75785c6786c52bd
  rubocop-rspec (3.6.0) sha256=c0e4205871776727e54dee9cc91af5fd74578001551ba40e1fe1a1ab4b404479
  rubocop-rspec_rails (2.31.0) sha256=775375e18a26a1184a812ef3054b79d218e85601b9ae897f38f8be24dddf1f45
  rubocop-shopify (2.17.0) sha256=84672f42de878b69759cdc277c0586db238c32fcae1bdc1e6d339cc21b10c4d5
  rubocop-thread_safety (0.7.2) sha256=bd51449c420b1ddda5672b71a39706367402beb55aaf19fc020c1868717f31f6
  ruby-progressbar (1.13.0) sha256=80fc9c47a9b640d6834e0dc7b3c94c9df37f08cb072b7761e4a71e22cff29b33
  ruby_parser (3.21.1) sha256=9d931abe5aec287d65280f811d3cf672564956ef1bd49f528ca48479984d6fec
  rubyzip (2.4.1) sha256=8577c88edc1fde8935eb91064c5cb1aef9ad5494b940cf19c775ee833e075615
  securerandom (0.4.1) sha256=cc5193d414a4341b6e225f0cb4446aceca8e50d5e1888743fac16987638ea0b1
  selenium-webdriver (4.31.0) sha256=ddb2d88eee23cddb5d6a9dadd909427a9e5163718338e11a91eef2fbead100e9
  sexp_processor (4.17.3) sha256=5ef0d952565eeedb416519f678b6b41c6ab6700abba828f46986f2d85d295dae
  simplecov (0.22.0) sha256=fe2622c7834ff23b98066bb0a854284b2729a569ac659f82621fc22ef36213a5
  simplecov-html (0.13.1) sha256=5dab0b7ee612e60e9887ad57693832fdf4695b4c0c859eaea5f95c18791ef10b
  simplecov_json_formatter (0.1.4) sha256=529418fbe8de1713ac2b2d612aa3daa56d316975d307244399fa4838c601b428
  solid_cable (3.0.7) sha256=f2bce91e17e2c6e04c3c5e9905cc31b1078ff991702278c8bb1ac2e09f441a21
  solid_cache (1.0.7) sha256=58e690ccee057be7351f21b1940d5f9cf6bb132074316e70478e554a79e6a490
  solid_queue (1.1.5) sha256=bae0c9d76310f4953ebc57466f2e8c78703a0fbf4b89d25756c23c88f9b6df9b
  sshkit (1.24.0) sha256=9597c1f984778ae9742f2dc839778d57a6a2efb868107046575c52ac7c628e6c
  stringio (3.1.7) sha256=5b78b7cb242a315fb4fca61a8255d62ec438f58da2b90be66048546ade4507fa
  strong_migrations (2.3.0) sha256=41e0ec98725dd0fd6d4b660b227619e355645baec248c966d13940c0b4be80fe
  thor (1.3.2) sha256=eef0293b9e24158ccad7ab383ae83534b7ad4ed99c09f96f1a6b036550abbeda
  thruster (0.1.13) sha256=f889335a7c93b497ecf3a21beeb2cc698bdb181b1ce5cca5f0140f0e9fdcbb5b
  thruster (0.1.13-aarch64-linux) sha256=32baea3e82733e36851ff8ae2435698b7c9c3d822495214976e9974916d0c0f5
  thruster (0.1.13-arm64-darwin) sha256=680a3167c891a78f6fc49797b62b585638c8b32b4c9c309b962bb53b7876b4e1
  thruster (0.1.13-x86_64-darwin) sha256=dd3ddd88a03c78ae5d08a7ac9aa0d7c52f8443fa9770807266eb717b9e16aae2
  thruster (0.1.13-x86_64-linux) sha256=396f682379c5327b915523eac9a04550c04f97c95e27b53bae00e0c36cb2f1c5
  timeout (0.4.3) sha256=9509f079b2b55fe4236d79633bd75e34c1c1e7e3fb4b56cb5fda61f80a0fe30e
  tzinfo (2.0.6) sha256=8daf828cc77bcf7d63b0e3bdb6caa47e2272dcfaf4fbfe46f8c3a9df087a829b
  unicode-display_width (3.1.4) sha256=8caf2af1c0f2f07ec89ef9e18c7d88c2790e217c482bfc78aaa65eadd5415ac1
  unicode-emoji (4.0.4) sha256=2c2c4ef7f353e5809497126285a50b23056cc6e61b64433764a35eff6c36532a
  uri (1.0.3) sha256=e9f2244608eea2f7bc357d954c65c910ce0399ca5e18a7a29207ac22d8767011
  useragent (0.16.11) sha256=700e6413ad4bb954bb63547fa098dddf7b0ebe75b40cc6f93b8d54255b173844
  web-console (4.2.1) sha256=e7bcf37a10ea2b4ec4281649d1cee461b32232d0a447e82c786e6841fd22fe20
  webmock (3.25.1) sha256=ab9d5d9353bcbe6322c83e1c60a7103988efc7b67cd72ffb9012629c3d396323
  websocket (1.2.11) sha256=b7e7a74e2410b5e85c25858b26b3322f29161e300935f70a0e0d3c35e0462737
  websocket-driver (0.7.7) sha256=056d99f2cd545712cfb1291650fde7478e4f2661dc1db6a0fa3b966231a146b4
  websocket-extensions (0.1.5) sha256=1c6ba63092cda343eb53fc657110c71c754c56484aad42578495227d717a8241
  xpath (3.2.0) sha256=6dfda79d91bb3b949b947ecc5919f042ef2f399b904013eb3ef6d20dd3a4082e
  zeitwerk (2.7.2) sha256=842e067cb11eb923d747249badfb5fcdc9652d6f20a1f06453317920fdcd4673

BUNDLED WITH
   2.6.3
